
Microsoft Visual Studio Solution File, Format Version 12.00
# Visual Studio Version 17
VisualStudioVersion = 17.7.34202.233
MinimumVisualStudioVersion = 10.0.40219.1
Project("{FAE04EC0-301F-11D3-BF4B-00C04F79EFBC}") = "WebDemoJenkins", "WebDemoJenkins\WebDemoJenkins.csproj", "{4BB2E529-A497-4C1C-BF24-A796DF2F438D}"
EndProject
Project("{FAE04EC0-301F-11D3-BF4B-00C04F79EFBC}") = "UnitTestProject", "UnitTestProject\UnitTestProject.csproj", "{A46ED70C-2267-4E18-9D65-8AE47FDE02F8}"
EndProject
Global
	GlobalSection(SolutionConfigurationPlatforms) = preSolution
		Debug|Any CPU = Debug|Any CPU
		Release|Any CPU = Release|Any CPU
	EndGlobalSection
	GlobalSection(ProjectConfigurationPlatforms) = postSolution
		{4BB2E529-A497-4C1C-BF24-A796DF2F438D}.Debug|Any CPU.ActiveCfg = Debug|Any CPU
		{4BB2E529-A497-4C1C-BF24-A796DF2F438D}.Debug|Any CPU.Build.0 = Debug|Any CPU
		{4BB2E529-A497-4C1C-BF24-A796DF2F438D}.Release|Any CPU.ActiveCfg = Release|Any CPU
		{4BB2E529-A497-4C1C-BF24-A796DF2F438D}.Release|Any CPU.Build.0 = Release|Any CPU
		{A46ED70C-2267-4E18-9D65-8AE47FDE02F8}.Debug|Any CPU.ActiveCfg = Debug|Any CPU
		{A46ED70C-2267-4E18-9D65-8AE47FDE02F8}.Debug|Any CPU.Build.0 = Debug|Any CPU
		{A46ED70C-2267-4E18-9D65-8AE47FDE02F8}.Release|Any CPU.ActiveCfg = Release|Any CPU
		{A46ED70C-2267-4E18-9D65-8AE47FDE02F8}.Release|Any CPU.Build.0 = Release|Any CPU
	EndGlobalSection
	GlobalSection(SolutionProperties) = preSolution
		HideSolutionNode = FALSE
	EndGlobalSection
	GlobalSection(ExtensibilityGlobals) = postSolution
		SolutionGuid = {D35B0B74-5569-4EC0-B130-7DFFFD29D0BD}
	EndGlobalSection
EndGlobal
